
Microsoft Visual Studio Solution File, Format Version 12.00
# Visual Studio Version 17
VisualStudioVersion = 17.14.36401.2 d17.14
MinimumVisualStudioVersion = 10.0.40219.1
Project("{FAE04EC0-301F-11D3-BF4B-00C04F79EFBC}") = "task-management-system", "task-management-system.csproj", "{716B1F7D-7584-4BB5-A2B1-FC9C29B5B630}"
EndProject
Global
	GlobalSection(SolutionConfigurationPlatforms) = preSolution
		Debug|Any CPU = Debug|Any CPU
		Release|Any CPU = Release|Any CPU
	EndGlobalSection
	GlobalSection(ProjectConfigurationPlatforms) = postSolution
		{716B1F7D-7584-4BB5-A2B1-FC9C29B5B630}.Debug|Any CPU.ActiveCfg = Debug|Any CPU
		{716B1F7D-7584-4BB5-A2B1-FC9C29B5B630}.Debug|Any CPU.Build.0 = Debug|Any CPU
		{716B1F7D-7584-4BB5-A2B1-FC9C29B5B630}.Release|Any CPU.ActiveCfg = Release|Any CPU
		{716B1F7D-7584-4BB5-A2B1-FC9C29B5B630}.Release|Any CPU.Build.0 = Release|Any CPU
	EndGlobalSection
	GlobalSection(SolutionProperties) = preSolution
		HideSolutionNode = FALSE
	EndGlobalSection
	GlobalSection(ExtensibilityGlobals) = postSolution
		SolutionGuid = {1C9507C5-A120-4563-BB01-5E89952DB4F3}
	EndGlobalSection
EndGlobal
